
Microsoft Visual Studio Solution File, Format Version 12.00
# Visual Studio Version 17
VisualStudioVersion = 17.4.33103.184
MinimumVisualStudioVersion = 10.0.40219.1
Project("{FAE04EC0-301F-11D3-BF4B-00C04F79EFBC}") = "ESTACIONAMIENTO", "ESTACIONAMIENTO.csproj", "{1C767335-7A31-4B4A-84F2-28682E332899}"
EndProject
Global
	GlobalSection(SolutionConfigurationPlatforms) = preSolution
		Debug|Any CPU = Debug|Any CPU
		Release|Any CPU = Release|Any CPU
	EndGlobalSection
	GlobalSection(ProjectConfigurationPlatforms) = postSolution
		{1C767335-7A31-4B4A-84F2-28682E332899}.Debug|Any CPU.ActiveCfg = Debug|Any CPU
		{1C767335-7A31-4B4A-84F2-28682E332899}.Debug|Any CPU.Build.0 = Debug|Any CPU
		{1C767335-7A31-4B4A-84F2-28682E332899}.Release|Any CPU.ActiveCfg = Release|Any CPU
		{1C767335-7A31-4B4A-84F2-28682E332899}.Release|Any CPU.Build.0 = Release|Any CPU
	EndGlobalSection
	GlobalSection(SolutionProperties) = preSolution
		HideSolutionNode = FALSE
	EndGlobalSection
	GlobalSection(ExtensibilityGlobals) = postSolution
		SolutionGuid = {DFDA0CA5-AD9C-4140-A7B0-E66AAF9DB87B}
	EndGlobalSection
EndGlobal
